
Microsoft Visual Studio Solution File, Format Version 12.00
# Visual Studio Version 16
VisualStudioVersion = 16.0.30717.126
MinimumVisualStudioVersion = 10.0.40219.1
Project("{FAE04EC0-301F-11D3-BF4B-00C04F79EFBC}") = "LazyLaTeXGUI", "LazyLaTeXGUI\LazyLaTeXGUI.csproj", "{7EE5CBF8-0B01-4044-BBA7-BCB413FB1428}"
EndProject
Global
	GlobalSection(SolutionConfigurationPlatforms) = preSolution
		Debug|Any CPU = Debug|Any CPU
		Release|Any CPU = Release|Any CPU
	EndGlobalSection
	GlobalSection(ProjectConfigurationPlatforms) = postSolution
		{7EE5CBF8-0B01-4044-BBA7-BCB413FB1428}.Debug|Any CPU.ActiveCfg = Debug|Any CPU
		{7EE5CBF8-0B01-4044-BBA7-BCB413FB1428}.Debug|Any CPU.Build.0 = Debug|Any CPU
		{7EE5CBF8-0B01-4044-BBA7-BCB413FB1428}.Release|Any CPU.ActiveCfg = Release|Any CPU
		{7EE5CBF8-0B01-4044-BBA7-BCB413FB1428}.Release|Any CPU.Build.0 = Release|Any CPU
	EndGlobalSection
	GlobalSection(SolutionProperties) = preSolution
		HideSolutionNode = FALSE
	EndGlobalSection
	GlobalSection(ExtensibilityGlobals) = postSolution
		SolutionGuid = {CB0FCB29-DF85-45C6-87CA-D6552FE40DBF}
	EndGlobalSection
EndGlobal
